
Microsoft Visual Studio Solution File, Format Version 12.00
# Visual Studio 2012
Project("{FAE04EC0-301F-11D3-BF4B-00C04F79EFBC}") = "Vista", "GCI\Vista.csproj", "{56C15B7A-F7C9-4D5C-90A4-88A6F9C82BB9}"
EndProject
Project("{FAE04EC0-301F-11D3-BF4B-00C04F79EFBC}") = "Modelo_Entidades", "Modelo_Entidades\Modelo_Entidades.csproj", "{F31944DF-5392-4330-BC2E-E0F8BCDB249D}"
EndProject
Project("{FAE04EC0-301F-11D3-BF4B-00C04F79EFBC}") = "Controladora", "Controladora\Controladora.csproj", "{6A2411B6-AE36-4C94-B3AC-347F5B14D659}"
EndProject
Global
	GlobalSection(SolutionConfigurationPlatforms) = preSolution
		Debug|Any CPU = Debug|Any CPU
		Debug|Mixed Platforms = Debug|Mixed Platforms
		Debug|x86 = Debug|x86
		Release|Any CPU = Release|Any CPU
		Release|Mixed Platforms = Release|Mixed Platforms
		Release|x86 = Release|x86
	EndGlobalSection
	GlobalSection(ProjectConfigurationPlatforms) = postSolution
		{56C15B7A-F7C9-4D5C-90A4-88A6F9C82BB9}.Debug|Any CPU.ActiveCfg = Debug|x86
		{56C15B7A-F7C9-4D5C-90A4-88A6F9C82BB9}.Debug|Mixed Platforms.ActiveCfg = Debug|x86
		{56C15B7A-F7C9-4D5C-90A4-88A6F9C82BB9}.Debug|Mixed Platforms.Build.0 = Debug|x86
		{56C15B7A-F7C9-4D5C-90A4-88A6F9C82BB9}.Debug|x86.ActiveCfg = Debug|x86
		{56C15B7A-F7C9-4D5C-90A4-88A6F9C82BB9}.Debug|x86.Build.0 = Debug|x86
		{56C15B7A-F7C9-4D5C-90A4-88A6F9C82BB9}.Release|Any CPU.ActiveCfg = Release|x86
		{56C15B7A-F7C9-4D5C-90A4-88A6F9C82BB9}.Release|Mixed Platforms.ActiveCfg = Release|x86
		{56C15B7A-F7C9-4D5C-90A4-88A6F9C82BB9}.Release|Mixed Platforms.Build.0 = Release|x86
		{56C15B7A-F7C9-4D5C-90A4-88A6F9C82BB9}.Release|x86.ActiveCfg = Release|x86
		{56C15B7A-F7C9-4D5C-90A4-88A6F9C82BB9}.Release|x86.Build.0 = Release|x86
		{F31944DF-5392-4330-BC2E-E0F8BCDB249D}.Debug|Any CPU.ActiveCfg = Debug|Any CPU
		{F31944DF-5392-4330-BC2E-E0F8BCDB249D}.Debug|Any CPU.Build.0 = Debug|Any CPU
		{F31944DF-5392-4330-BC2E-E0F8BCDB249D}.Debug|Mixed Platforms.ActiveCfg = Debug|Any CPU
		{F31944DF-5392-4330-BC2E-E0F8BCDB249D}.Debug|Mixed Platforms.Build.0 = Debug|Any CPU
		{F31944DF-5392-4330-BC2E-E0F8BCDB249D}.Debug|x86.ActiveCfg = Debug|Any CPU
		{F31944DF-5392-4330-BC2E-E0F8BCDB249D}.Release|Any CPU.ActiveCfg = Release|Any CPU
		{F31944DF-5392-4330-BC2E-E0F8BCDB249D}.Release|Any CPU.Build.0 = Release|Any CPU
		{F31944DF-5392-4330-BC2E-E0F8BCDB249D}.Release|Mixed Platforms.ActiveCfg = Release|Any CPU
		{F31944DF-5392-4330-BC2E-E0F8BCDB249D}.Release|Mixed Platforms.Build.0 = Release|Any CPU
		{F31944DF-5392-4330-BC2E-E0F8BCDB249D}.Release|x86.ActiveCfg = Release|Any CPU
		{6A2411B6-AE36-4C94-B3AC-347F5B14D659}.Debug|Any CPU.ActiveCfg = Debug|Any CPU
		{6A2411B6-AE36-4C94-B3AC-347F5B14D659}.Debug|Any CPU.Build.0 = Debug|Any CPU
		{6A2411B6-AE36-4C94-B3AC-347F5B14D659}.Debug|Mixed Platforms.ActiveCfg = Debug|Any CPU
		{6A2411B6-AE36-4C94-B3AC-347F5B14D659}.Debug|Mixed Platforms.Build.0 = Debug|Any CPU
		{6A2411B6-AE36-4C94-B3AC-347F5B14D659}.Debug|x86.ActiveCfg = Debug|Any CPU
		{6A2411B6-AE36-4C94-B3AC-347F5B14D659}.Release|Any CPU.ActiveCfg = Release|Any CPU
		{6A2411B6-AE36-4C94-B3AC-347F5B14D659}.Release|Any CPU.Build.0 = Release|Any CPU
		{6A2411B6-AE36-4C94-B3AC-347F5B14D659}.Release|Mixed Platforms.ActiveCfg = Release|Any CPU
		{6A2411B6-AE36-4C94-B3AC-347F5B14D659}.Release|Mixed Platforms.Build.0 = Release|Any CPU
		{6A2411B6-AE36-4C94-B3AC-347F5B14D659}.Release|x86.ActiveCfg = Release|Any CPU
	EndGlobalSection
	GlobalSection(SolutionProperties) = preSolution
		HideSolutionNode = FALSE
	EndGlobalSection
EndGlobal
